// !$*UTF8*$!
{
	archiveVersion = 1;
	classes = {
	};
	objectVersion = 50;
	objects = {

/* Begin PBXBuildFile section */
		82DCDFF122236060009D00E9 /* AppDelegate.swift in Sources */ = {isa = PBXBuildFile; fileRef = 82DCDFF022236060009D00E9 /* AppDelegate.swift */; };
		82DCDFF322236060009D00E9 /* ViewController.swift in Sources */ = {isa = PBXBuildFile; fileRef = 82DCDFF222236060009D00E9 /* ViewController.swift */; };
		82DCDFF622236060009D00E9 /* Main.storyboard in Resources */ = {isa = PBXBuildFile; fileRef = 82DCDFF422236060009D00E9 /* Main.storyboard */; };
		82DCDFF822236062009D00E9 /* Assets.xcassets in Resources */ = {isa = PBXBuildFile; fileRef = 82DCDFF722236062009D00E9 /* Assets.xcassets */; };
		82DCDFFB22236062009D00E9 /* LaunchScreen.storyboard in Resources */ = {isa = PBXBuildFile; fileRef = 82DCDFF922236062009D00E9 /* LaunchScreen.storyboard */; };
		82DCE00622236063009D00E9 /* mindera_TestTests.swift in Sources */ = {isa = PBXBuildFile; fileRef = 82DCE00522236063009D00E9 /* mindera_TestTests.swift */; };
		82DCE01122236063009D00E9 /* mindera_TestUITests.swift in Sources */ = {isa = PBXBuildFile; fileRef = 82DCE01022236063009D00E9 /* mindera_TestUITests.swift */; };
/* End PBXBuildFile section */

/* Begin PBXContainerItemProxy section */
		82DCE00222236062009D00E9 /* PBXContainerItemProxy */ = {
			isa = PBXContainerItemProxy;
			containerPortal = 82DCDFE522236060009D00E9 /* Project object */;
			proxyType = 1;
			remoteGlobalIDString = 82DCDFEC22236060009D00E9;
			remoteInfo = "mindera Test";
		};
		82DCE00D22236063009D00E9 /* PBXContainerItemProxy */ = {
			isa = PBXContainerItemProxy;
			containerPortal = 82DCDFE522236060009D00E9 /* Project object */;
			proxyType = 1;
			remoteGlobalIDString = 82DCDFEC22236060009D00E9;
			remoteInfo = "mindera Test";
		};
/* End PBXContainerItemProxy section */

/* Begin PBXFileReference section */
		82DCDFED22236060009D00E9 /* mindera Test.app */ = {isa = PBXFileReference; explicitFileType = wrapper.application; includeInIndex = 0; path = "mindera Test.app"; sourceTree = BUILT_PRODUCTS_DIR; };
		82DCDFF022236060009D00E9 /* AppDelegate.swift */ = {isa = PBXFileReference; lastKnownFileType = sourcecode.swift; path = AppDelegate.swift; sourceTree = "<group>"; };
		82DCDFF222236060009D00E9 /* ViewController.swift */ = {isa = PBXFileReference; lastKnownFileType = sourcecode.swift; path = ViewController.swift; sourceTree = "<group>"; };
		82DCDFF522236060009D00E9 /* Base */ = {isa = PBXFileReference; lastKnownFileType = file.storyboard; name = Base; path = Base.lproj/Main.storyboard; sourceTree = "<group>"; };
		82DCDFF722236062009D00E9 /* Assets.xcassets */ = {isa = PBXFileReference; lastKnownFileType = folder.assetcatalog; path = Assets.xcassets; sourceTree = "<group>"; };
		82DCDFFA22236062009D00E9 /* Base */ = {isa = PBXFileReference; lastKnownFileType = file.storyboard; name = Base; path = Base.lproj/LaunchScreen.storyboard; sourceTree = "<group>"; };
		82DCDFFC22236062009D00E9 /* Info.plist */ = {isa = PBXFileReference; lastKnownFileType = text.plist.xml; path = Info.plist; sourceTree = "<group>"; };
		82DCE00122236062009D00E9 /* mindera TestTests.xctest */ = {isa = PBXFileReference; explicitFileType = wrapper.cfbundle; includeInIndex = 0; path = "mindera TestTests.xctest"; sourceTree = BUILT_PRODUCTS_DIR; };
		82DCE00522236063009D00E9 /* mindera_TestTests.swift */ = {isa = PBXFileReference; lastKnownFileType = sourcecode.swift; path = mindera_TestTests.swift; sourceTree = "<group>"; };
		82DCE00722236063009D00E9 /* Info.plist */ = {isa = PBXFileReference; lastKnownFileType = text.plist.xml; path = Info.plist; sourceTree = "<group>"; };
		82DCE00C22236063009D00E9 /* mindera TestUITests.xctest */ = {isa = PBXFileReference; explicitFileType = wrapper.cfbundle; includeInIndex = 0; path = "mindera TestUITests.xctest"; sourceTree = BUILT_PRODUCTS_DIR; };
		82DCE01022236063009D00E9 /* mindera_TestUITests.swift */ = {isa = PBXFileReference; lastKnownFileType = sourcecode.swift; path = mindera_TestUITests.swift; sourceTree = "<group>"; };
		82DCE01222236063009D00E9 /* Info.plist */ = {isa = PBXFileReference; lastKnownFileType = text.plist.xml; path = Info.plist; sourceTree = "<group>"; };
/* End PBXFileReference section */

/* Begin PBXFrameworksBuildPhase section */
		82DCDFEA22236060009D00E9 /* Frameworks */ = {
			isa = PBXFrameworksBuildPhase;
			buildActionMask = 2147483647;
			files = (
			);
			runOnlyForDeploymentPostprocessing = 0;
		};
		82DCDFFE22236062009D00E9 /* Frameworks */ = {
			isa = PBXFrameworksBuildPhase;
			buildActionMask = 2147483647;
			files = (
			);
			runOnlyForDeploymentPostprocessing = 0;
		};
		82DCE00922236063009D00E9 /* Frameworks */ = {
			isa = PBXFrameworksBuildPhase;
			buildActionMask = 2147483647;
			files = (
			);
			runOnlyForDeploymentPostprocessing = 0;
		};
/* End PBXFrameworksBuildPhase section */

/* Begin PBXGroup section */
		82DCDFE422236060009D00E9 = {
			isa = PBXGroup;
			children = (
				82DCDFEF22236060009D00E9 /* mindera Test */,
				82DCE00422236062009D00E9 /* mindera TestTests */,
				82DCE00F22236063009D00E9 /* mindera TestUITests */,
				82DCDFEE22236060009D00E9 /* Products */,
			);
			sourceTree = "<group>";
		};
		82DCDFEE22236060009D00E9 /* Products */ = {
			isa = PBXGroup;
			children = (
				82DCDFED22236060009D00E9 /* mindera Test.app */,
				82DCE00122236062009D00E9 /* mindera TestTests.xctest */,
				82DCE00C22236063009D00E9 /* mindera TestUITests.xctest */,
			);
			name = Products;
			sourceTree = "<group>";
		};
		82DCDFEF22236060009D00E9 /* mindera Test */ = {
			isa = PBXGroup;
			children = (
				82DCDFF022236060009D00E9 /* AppDelegate.swift */,
				82DCDFF222236060009D00E9 /* ViewController.swift */,
				82DCDFF422236060009D00E9 /* Main.storyboard */,
				82DCDFF722236062009D00E9 /* Assets.xcassets */,
				82DCDFF922236062009D00E9 /* LaunchScreen.storyboard */,
				82DCDFFC22236062009D00E9 /* Info.plist */,
			);
			path = "mindera Test";
			sourceTree = "<group>";
		};
		82DCE00422236062009D00E9 /* mindera TestTests */ = {
			isa = PBXGroup;
			children = (
				82DCE00522236063009D00E9 /* mindera_TestTests.swift */,
				82DCE00722236063009D00E9 /* Info.plist */,
			);
			path = "mindera TestTests";
			sourceTree = "<group>";
		};
		82DCE00F22236063009D00E9 /* mindera TestUITests */ = {
			isa = PBXGroup;
			children = (
				82DCE01022236063009D00E9 /* mindera_TestUITests.swift */,
				82DCE01222236063009D00E9 /* Info.plist */,
			);
			path = "mindera TestUITests";
			sourceTree = "<group>";
		};
/* End PBXGroup section */

/* Begin PBXNativeTarget section */
		82DCDFEC22236060009D00E9 /* mindera Test */ = {
			isa = PBXNativeTarget;
			buildConfigurationList = 82DCE01522236063009D00E9 /* Build configuration list for PBXNativeTarget "mindera Test" */;
			buildPhases = (
				82DCDFE922236060009D00E9 /* Sources */,
				82DCDFEA22236060009D00E9 /* Frameworks */,
				82DCDFEB22236060009D00E9 /* Resources */,
			);
			buildRules = (
			);
			dependencies = (
			);
			name = "mindera Test";
			productName = "mindera Test";
			productReference = 82DCDFED22236060009D00E9 /* mindera Test.app */;
			productType = "com.apple.product-type.application";
		};
		82DCE00022236062009D00E9 /* mindera TestTests */ = {
			isa = PBXNativeTarget;
			buildConfigurationList = 82DCE01822236063009D00E9 /* Build configuration list for PBXNativeTarget "mindera TestTests" */;
			buildPhases = (
				82DCDFFD22236062009D00E9 /* Sources */,
				82DCDFFE22236062009D00E9 /* Frameworks */,
				82DCDFFF22236062009D00E9 /* Resources */,
			);
			buildRules = (
			);
			dependencies = (
				82DCE00322236062009D00E9 /* PBXTargetDependency */,
			);
			name = "mindera TestTests";
			productName = "mindera TestTests";
			productReference = 82DCE00122236062009D00E9 /* mindera TestTests.xctest */;
			productType = "com.apple.product-type.bundle.unit-test";
		};
		82DCE00B22236063009D00E9 /* mindera TestUITests */ = {
			isa = PBXNativeTarget;
			buildConfigurationList = 82DCE01B22236063009D00E9 /* Build configuration list for PBXNativeTarget "mindera TestUITests" */;
			buildPhases = (
				82DCE00822236063009D00E9 /* Sources */,
				82DCE00922236063009D00E9 /* Frameworks */,
				82DCE00A22236063009D00E9 /* Resources */,
			);
			buildRules = (
			);
			dependencies = (
				82DCE00E22236063009D00E9 /* PBXTargetDependency */,
			);
			name = "mindera TestUITests";
			productName = "mindera TestUITests";
			productReference = 82DCE00C22236063009D00E9 /* mindera TestUITests.xctest */;
			productType = "com.apple.product-type.bundle.ui-testing";
		};
/* End PBXNativeTarget section */

/* Begin PBXProject section */
		82DCDFE522236060009D00E9 /* Project object */ = {
			isa = PBXProject;
			attributes = {
				LastSwiftUpdateCheck = 1010;
				LastUpgradeCheck = 1010;
				ORGANIZATIONNAME = "Marcelo Garcia";
				TargetAttributes = {
					82DCDFEC22236060009D00E9 = {
						CreatedOnToolsVersion = 10.1;
					};
					82DCE00022236062009D00E9 = {
						CreatedOnToolsVersion = 10.1;
						TestTargetID = 82DCDFEC22236060009D00E9;
					};
					82DCE00B22236063009D00E9 = {
						CreatedOnToolsVersion = 10.1;
						TestTargetID = 82DCDFEC22236060009D00E9;
					};
				};
			};
			buildConfigurationList = 82DCDFE822236060009D00E9 /* Build configuration list for PBXProject "mindera Test" */;
			compatibilityVersion = "Xcode 9.3";
			developmentRegion = en;
			hasScannedForEncodings = 0;
			knownRegions = (
				en,
				Base,
			);
			mainGroup = 82DCDFE422236060009D00E9;
			productRefGroup = 82DCDFEE22236060009D00E9 /* Products */;
			projectDirPath = "";
			projectRoot = "";
			targets = (
				82DCDFEC22236060009D00E9 /* mindera Test */,
				82DCE00022236062009D00E9 /* mindera TestTests */,
				82DCE00B22236063009D00E9 /* mindera TestUITests */,
			);
		};
/* End PBXProject section */

/* Begin PBXResourcesBuildPhase section */
		82DCDFEB22236060009D00E9 /* Resources */ = {
			isa = PBXResourcesBuildPhase;
			buildActionMask = 2147483647;
			files = (
				82DCDFFB22236062009D00E9 /* LaunchScreen.storyboard in Resources */,
				82DCDFF822236062009D00E9 /* Assets.xcassets in Resources */,
				82DCDFF622236060009D00E9 /* Main.storyboard in Resources */,
			);
			runOnlyForDeploymentPostprocessing = 0;
		};
		82DCDFFF22236062009D00E9 /* Resources */ = {
			isa = PBXResourcesBuildPhase;
			buildActionMask = 2147483647;
			files = (
			);
			runOnlyForDeploymentPostprocessing = 0;
		};
		82DCE00A22236063009D00E9 /* Resources */ = {
			isa = PBXResourcesBuildPhase;
			buildActionMask = 2147483647;
			files = (
			);
			runOnlyForDeploymentPostprocessing = 0;
		};
/* End PBXResourcesBuildPhase section */

/* Begin PBXSourcesBuildPhase section */
		82DCDFE922236060009D00E9 /* Sources */ = {
			isa = PBXSourcesBuildPhase;
			buildActionMask = 2147483647;
			files = (
				82DCDFF322236060009D00E9 /* ViewController.swift in Sources */,
				82DCDFF122236060009D00E9 /* AppDelegate.swift in Sources */,
			);
			runOnlyForDeploymentPostprocessing = 0;
		};
		82DCDFFD22236062009D00E9 /* Sources */ = {
			isa = PBXSourcesBuildPhase;
			buildActionMask = 2147483647;
			files = (
				82DCE00622236063009D00E9 /* mindera_TestTests.swift in Sources */,
			);
			runOnlyForDeploymentPostprocessing = 0;
		};
		82DCE00822236063009D00E9 /* Sources */ = {
			isa = PBXSourcesBuildPhase;
			buildActionMask = 2147483647;
			files = (
				82DCE01122236063009D00E9 /* mindera_TestUITests.swift in Sources */,
			);
			runOnlyForDeploymentPostprocessing = 0;
		};
/* End PBXSourcesBuildPhase section */

/* Begin PBXTargetDependency section */
		82DCE00322236062009D00E9 /* PBXTargetDependency */ = {
			isa = PBXTargetDependency;
			target = 82DCDFEC22236060009D00E9 /* mindera Test */;
			targetProxy = 82DCE00222236062009D00E9 /* PBXContainerItemProxy */;
		};
		82DCE00E22236063009D00E9 /* PBXTargetDependency */ = {
			isa = PBXTargetDependency;
			target = 82DCDFEC22236060009D00E9 /* mindera Test */;
			targetProxy = 82DCE00D22236063009D00E9 /* PBXContainerItemProxy */;
		};
/* End PBXTargetDependency section */

/* Begin PBXVariantGroup section */
		82DCDFF422236060009D00E9 /* Main.storyboard */ = {
			isa = PBXVariantGroup;
			children = (
				82DCDFF522236060009D00E9 /* Base */,
			);
			name = Main.storyboard;
			sourceTree = "<group>";
		};
		82DCDFF922236062009D00E9 /* LaunchScreen.storyboard */ = {
			isa = PBXVariantGroup;
			children = (
				82DCDFFA22236062009D00E9 /* Base */,
			);
			name = LaunchScreen.storyboard;
			sourceTree = "<group>";
		};
/* End PBXVariantGroup section */

/* Begin XCBuildConfiguration section */
		82DCE01322236063009D00E9 /* Debug */ = {
			isa = XCBuildConfiguration;
			buildSettings = {
				ALWAYS_SEARCH_USER_PATHS = NO;
				CLANG_ANALYZER_NONNULL = YES;
				CLANG_ANALYZER_NUMBER_OBJECT_CONVERSION = YES_AGGRESSIVE;
				CLANG_CXX_LANGUAGE_STANDARD = "gnu++14";
				CLANG_CXX_LIBRARY = "libc++";
				CLANG_ENABLE_MODULES = YES;
				CLANG_ENABLE_OBJC_ARC = YES;
				CLANG_ENABLE_OBJC_WEAK = YES;
				CLANG_WARN_BLOCK_CAPTURE_AUTORELEASING = YES;
				CLANG_WARN_BOOL_CONVERSION = YES;
				CLANG_WARN_COMMA = YES;
				CLANG_WARN_CONSTANT_CONVERSION = YES;
				CLANG_WARN_DEPRECATED_OBJC_IMPLEMENTATIONS = YES;
				CLANG_WARN_DIRECT_OBJC_ISA_USAGE = YES_ERROR;
				CLANG_WARN_DOCUMENTATION_COMMENTS = YES;
				CLANG_WARN_EMPTY_BODY = YES;
				CLANG_WARN_ENUM_CONVERSION = YES;
				CLANG_WARN_INFINITE_RECURSION = YES;
				CLANG_WARN_INT_CONVERSION = YES;
				CLANG_WARN_NON_LITERAL_NULL_CONVERSION = YES;
				CLANG_WARN_OBJC_IMPLICIT_RETAIN_SELF = YES;
				CLANG_WARN_OBJC_LITERAL_CONVERSION = YES;
				CLANG_WARN_OBJC_ROOT_CLASS = YES_ERROR;
				CLANG_WARN_RANGE_LOOP_ANALYSIS = YES;
				CLANG_WARN_STRICT_PROTOTYPES = YES;
				CLANG_WARN_SUSPICIOUS_MOVE = YES;
				CLANG_WARN_UNGUARDED_AVAILABILITY = YES_AGGRESSIVE;
				CLANG_WARN_UNREACHABLE_CODE = YES;
				CLANG_WARN__DUPLICATE_METHOD_MATCH = YES;
				CODE_SIGN_IDENTITY = "iPhone Developer";
				COPY_PHASE_STRIP = NO;
				DEBUG_INFORMATION_FORMAT = dwarf;
				ENABLE_STRICT_OBJC_MSGSEND = YES;
				ENABLE_TESTABILITY = YES;
				GCC_C_LANGUAGE_STANDARD = gnu11;
				GCC_DYNAMIC_NO_PIC = NO;
				GCC_NO_COMMON_BLOCKS = YES;
				GCC_OPTIMIZATION_LEVEL = 0;
				GCC_PREPROCESSOR_DEFINITIONS = (
					"DEBUG=1",
					"$(inherited)",
				);
				GCC_WARN_64_TO_32_BIT_CONVERSION = YES;
				GCC_WARN_ABOUT_RETURN_TYPE = YES_ERROR;
				GCC_WARN_UNDECLARED_SELECTOR = YES;
				GCC_WARN_UNINITIALIZED_AUTOS = YES_AGGRESSIVE;
				GCC_WARN_UNUSED_FUNCTION = YES;
				GCC_WARN_UNUSED_VARIABLE = YES;
				IPHONEOS_DEPLOYMENT_TARGET = 12.1;
				MTL_ENABLE_DEBUG_INFO = INCLUDE_SOURCE;
				MTL_FAST_MATH = YES;
				ONLY_ACTIVE_ARCH = YES;
				SDKROOT = iphoneos;
				SWIFT_ACTIVE_COMPILATION_CONDITIONS = DEBUG;
				SWIFT_OPTIMIZATION_LEVEL = "-Onone";
			};
			name = Debug;
		};
		82DCE01422236063009D00E9 /* Release */ = {
			isa = XCBuildConfiguration;
			buildSettings = {
				ALWAYS_SEARCH_USER_PATHS = NO;
				CLANG_ANALYZER_NONNULL = YES;
				CLANG_ANALYZER_NUMBER_OBJECT_CONVERSION = YES_AGGRESSIVE;
				CLANG_CXX_LANGUAGE_STANDARD = "gnu++14";
				CLANG_CXX_LIBRARY = "libc++";
				CLANG_ENABLE_MODULES = YES;
				CLANG_ENABLE_OBJC_ARC = YES;
				CLANG_ENABLE_OBJC_WEAK = YES;
				CLANG_WARN_BLOCK_CAPTURE_AUTORELEASING = YES;
				CLANG_WARN_BOOL_CONVERSION = YES;
				CLANG_WARN_COMMA = YES;
				CLANG_WARN_CONSTANT_CONVERSION = YES;
				CLANG_WARN_DEPRECATED_OBJC_IMPLEMENTATIONS = YES;
				CLANG_WARN_DIRECT_OBJC_ISA_USAGE = YES_ERROR;
				CLANG_WARN_DOCUMENTATION_COMMENTS = YES;
				CLANG_WARN_EMPTY_BODY = YES;
				CLANG_WARN_ENUM_CONVERSION = YES;
				CLANG_WARN_INFINITE_RECURSION = YES;
				CLANG_WARN_INT_CONVERSION = YES;
				CLANG_WARN_NON_LITERAL_NULL_CONVERSION = YES;
				CLANG_WARN_OBJC_IMPLICIT_RETAIN_SELF = YES;
				CLANG_WARN_OBJC_LITERAL_CONVERSION = YES;
				CLANG_WARN_OBJC_ROOT_CLASS = YES_ERROR;
				CLANG_WARN_RANGE_LOOP_ANALYSIS = YES;
				CLANG_WARN_STRICT_PROTOTYPES = YES;
				CLANG_WARN_SUSPICIOUS_MOVE = YES;
				CLANG_WARN_UNGUARDED_AVAILABILITY = YES_AGGRESSIVE;
				CLANG_WARN_UNREACHABLE_CODE = YES;
				CLANG_WARN__DUPLICATE_METHOD_MATCH = YES;
				CODE_SIGN_IDENTITY = "iPhone Developer";
				COPY_PHASE_STRIP = NO;
				DEBUG_INFORMATION_FORMAT = "dwarf-with-dsym";
				ENABLE_NS_ASSERTIONS = NO;
				ENABLE_STRICT_OBJC_MSGSEND = YES;
				GCC_C_LANGUAGE_STANDARD = gnu11;
				GCC_NO_COMMON_BLOCKS = YES;
				GCC_WARN_64_TO_32_BIT_CONVERSION = YES;
				GCC_WARN_ABOUT_RETURN_TYPE = YES_ERROR;
				GCC_WARN_UNDECLARED_SELECTOR = YES;
				GCC_WARN_UNINITIALIZED_AUTOS = YES_AGGRESSIVE;
				GCC_WARN_UNUSED_FUNCTION = YES;
				GCC_WARN_UNUSED_VARIABLE = YES;
				IPHONEOS_DEPLOYMENT_TARGET = 12.1;
				MTL_ENABLE_DEBUG_INFO = NO;
				MTL_FAST_MATH = YES;
				SDKROOT = iphoneos;
				SWIFT_COMPILATION_MODE = wholemodule;
				SWIFT_OPTIMIZATION_LEVEL = "-O";
				VALIDATE_PRODUCT = YES;
			};
			name = Release;
		};
		82DCE01622236063009D00E9 /* Debug */ = {
			isa = XCBuildConfiguration;
			buildSettings = {
				ASSETCATALOG_COMPILER_APPICON_NAME = AppIcon;
				CODE_SIGN_STYLE = Automatic;
				INFOPLIST_FILE = "mindera Test/Info.plist";
				LD_RUNPATH_SEARCH_PATHS = (
					"$(inherited)",
					"@executable_path/Frameworks",
				);
				PRODUCT_BUNDLE_IDENTIFIER = "marcelo.garcia.mindera-Test";
				PRODUCT_NAME = "$(TARGET_NAME)";
				SWIFT_VERSION = 4.2;
				TARGETED_DEVICE_FAMILY = "1,2";
			};
			name = Debug;
		};
		82DCE01722236063009D00E9 /* Release */ = {
			isa = XCBuildConfiguration;
			buildSettings = {
				ASSETCATALOG_COMPILER_APPICON_NAME = AppIcon;
				CODE_SIGN_STYLE = Automatic;
				INFOPLIST_FILE = "mindera Test/Info.plist";
				LD_RUNPATH_SEARCH_PATHS = (
					"$(inherited)",
					"@executable_path/Frameworks",
				);
				PRODUCT_BUNDLE_IDENTIFIER = "marcelo.garcia.mindera-Test";
				PRODUCT_NAME = "$(TARGET_NAME)";
				SWIFT_VERSION = 4.2;
				TARGETED_DEVICE_FAMILY = "1,2";
			};
			name = Release;
		};
		82DCE01922236063009D00E9 /* Debug */ = {
			isa = XCBuildConfiguration;
			buildSettings = {
				ALWAYS_EMBED_SWIFT_STANDARD_LIBRARIES = YES;
				BUNDLE_LOADER = "$(TEST_HOST)";
				CODE_SIGN_STYLE = Automatic;
				INFOPLIST_FILE = "mindera TestTests/Info.plist";
				LD_RUNPATH_SEARCH_PATHS = (
					"$(inherited)",
					"@executable_path/Frameworks",
					"@loader_path/Frameworks",
				);
				PRODUCT_BUNDLE_IDENTIFIER = "marcelo.garcia.mindera-TestTests";
				PRODUCT_NAME = "$(TARGET_NAME)";
				SWIFT_VERSION = 4.2;
				TARGETED_DEVICE_FAMILY = "1,2";
				TEST_HOST = "$(BUILT_PRODUCTS_DIR)/mindera Test.app/mindera Test";
			};
			name = Debug;
		};
		82DCE01A22236063009D00E9 /* Release */ = {
			isa = XCBuildConfiguration;
			buildSettings = {
				ALWAYS_EMBED_SWIFT_STANDARD_LIBRARIES = YES;
				BUNDLE_LOADER = "$(TEST_HOST)";
				CODE_SIGN_STYLE = Automatic;
				INFOPLIST_FILE = "mindera TestTests/Info.plist";
				LD_RUNPATH_SEARCH_PATHS = (
					"$(inherited)",
					"@executable_path/Frameworks",
					"@loader_path/Frameworks",
				);
				PRODUCT_BUNDLE_IDENTIFIER = "marcelo.garcia.mindera-TestTests";
				PRODUCT_NAME = "$(TARGET_NAME)";
				SWIFT_VERSION = 4.2;
				TARGETED_DEVICE_FAMILY = "1,2";
				TEST_HOST = "$(BUILT_PRODUCTS_DIR)/mindera Test.app/mindera Test";
			};
			name = Release;
		};
		82DCE01C22236063009D00E9 /* Debug */ = {
			isa = XCBuildConfiguration;
			buildSettings = {
				ALWAYS_EMBED_SWIFT_STANDARD_LIBRARIES = YES;
				CODE_SIGN_STYLE = Automatic;
				INFOPLIST_FILE = "mindera TestUITests/Info.plist";
				LD_RUNPATH_SEARCH_PATHS = (
					"$(inherited)",
					"@executable_path/Frameworks",
					"@loader_path/Frameworks",
				);
				PRODUCT_BUNDLE_IDENTIFIER = "marcelo.garcia.mindera-TestUITests";
				PRODUCT_NAME = "$(TARGET_NAME)";
				SWIFT_VERSION = 4.2;
				TARGETED_DEVICE_FAMILY = "1,2";
				TEST_TARGET_NAME = "mindera Test";
			};
			name = Debug;
		};
		82DCE01D22236063009D00E9 /* Release */ = {
			isa = XCBuildConfiguration;
			buildSettings = {
				ALWAYS_EMBED_SWIFT_STANDARD_LIBRARIES = YES;
				CODE_SIGN_STYLE = Automatic;
				INFOPLIST_FILE = "mindera TestUITests/Info.plist";
				LD_RUNPATH_SEARCH_PATHS = (
					"$(inherited)",
					"@executable_path/Frameworks",
					"@loader_path/Frameworks",
				);
				PRODUCT_BUNDLE_IDENTIFIER = "marcelo.garcia.mindera-TestUITests";
				PRODUCT_NAME = "$(TARGET_NAME)";
				SWIFT_VERSION = 4.2;
				TARGETED_DEVICE_FAMILY = "1,2";
				TEST_TARGET_NAME = "mindera Test";
			};
			name = Release;
		};
/* End XCBuildConfiguration section */

/* Begin XCConfigurationList section */
		82DCDFE822236060009D00E9 /* Build configuration list for PBXProject "mindera Test" */ = {
			isa = XCConfigurationList;
			buildConfigurations = (
				82DCE01322236063009D00E9 /* Debug */,
				82DCE01422236063009D00E9 /* Release */,
			);
			defaultConfigurationIsVisible = 0;
			defaultConfigurationName = Release;
		};
		82DCE01522236063009D00E9 /* Build configuration list for PBXNativeTarget "mindera Test" */ = {
			isa = XCConfigurationList;
			buildConfigurations = (
				82DCE01622236063009D00E9 /* Debug */,
				82DCE01722236063009D00E9 /* Release */,
			);
			defaultConfigurationIsVisible = 0;
			defaultConfigurationName = Release;
		};
		82DCE01822236063009D00E9 /* Build configuration list for PBXNativeTarget "mindera TestTests" */ = {
			isa = XCConfigurationList;
			buildConfigurations = (
				82DCE01922236063009D00E9 /* Debug */,
				82DCE01A22236063009D00E9 /* Release */,
			);
			defaultConfigurationIsVisible = 0;
			defaultConfigurationName = Release;
		};
		82DCE01B22236063009D00E9 /* Build configuration list for PBXNativeTarget "mindera TestUITests" */ = {
			isa = XCConfigurationList;
			buildConfigurations = (
				82DCE01C22236063009D00E9 /* Debug */,
				82DCE01D22236063009D00E9 /* Release */,
			);
			defaultConfigurationIsVisible = 0;
			defaultConfigurationName = Release;
		};
/* End XCConfigurationList section */
	};
	rootObject = 82DCDFE522236060009D00E9 /* Project object */;
}
