// !$*UTF8*$!
{
	archiveVersion = 1;
	classes = {
	};
	objectVersion = 50;
	objects = {

/* Begin PBXBuildFile section */
		5CD964CC9F3A04CBA95495D5 /* Pods_mindera_TestUITests.framework in Frameworks */ = {isa = PBXBuildFile; fileRef = 96A2CA132EB2F8DA67183113 /* Pods_mindera_TestUITests.framework */; };
		7F9BECFD8D81E0F290CA5EF7 /* Pods_mindera_Test.framework in Frameworks */ = {isa = PBXBuildFile; fileRef = BF203A2A2A3285A6AFA04CA7 /* Pods_mindera_Test.framework */; };
		821E8D0222239034002E0BB2 /* PlistConfiguration.swift in Sources */ = {isa = PBXBuildFile; fileRef = 821E8D0122239034002E0BB2 /* PlistConfiguration.swift */; };
		821E8D0422239306002E0BB2 /* Endpoints.plist in Resources */ = {isa = PBXBuildFile; fileRef = 821E8D0322239306002E0BB2 /* Endpoints.plist */; };
		821E8D0522239D6F002E0BB2 /* PlistConfiguration.swift in Sources */ = {isa = PBXBuildFile; fileRef = 821E8D0122239034002E0BB2 /* PlistConfiguration.swift */; };
		821E8D0622239DF4002E0BB2 /* BaseClient.swift in Sources */ = {isa = PBXBuildFile; fileRef = 82DCE03D22236F42009D00E9 /* BaseClient.swift */; };
		821E8D0922239F4A002E0BB2 /* StatusCode.swift in Sources */ = {isa = PBXBuildFile; fileRef = 821E8D0822239F4A002E0BB2 /* StatusCode.swift */; };
		821E8D0A22239F4A002E0BB2 /* StatusCode.swift in Sources */ = {isa = PBXBuildFile; fileRef = 821E8D0822239F4A002E0BB2 /* StatusCode.swift */; };
		8255B48F2224CA15003E40FE /* PhotoObject.swift in Sources */ = {isa = PBXBuildFile; fileRef = 8255B48E2224CA15003E40FE /* PhotoObject.swift */; };
		8255B4902224CA15003E40FE /* PhotoObject.swift in Sources */ = {isa = PBXBuildFile; fileRef = 8255B48E2224CA15003E40FE /* PhotoObject.swift */; };
		8255B49B2224EF1C003E40FE /* PhotoCellInterfaces.swift in Sources */ = {isa = PBXBuildFile; fileRef = 8255B49A2224EF1C003E40FE /* PhotoCellInterfaces.swift */; };
		8255B49C2224EF1C003E40FE /* PhotoCellInterfaces.swift in Sources */ = {isa = PBXBuildFile; fileRef = 8255B49A2224EF1C003E40FE /* PhotoCellInterfaces.swift */; };
		8255B49E2224EF2A003E40FE /* PhotoCellPresenter.swift in Sources */ = {isa = PBXBuildFile; fileRef = 8255B49D2224EF2A003E40FE /* PhotoCellPresenter.swift */; };
		8255B49F2224EF2A003E40FE /* PhotoCellPresenter.swift in Sources */ = {isa = PBXBuildFile; fileRef = 8255B49D2224EF2A003E40FE /* PhotoCellPresenter.swift */; };
		8255B4A12224EF3E003E40FE /* PhotoCellInteractor.swift in Sources */ = {isa = PBXBuildFile; fileRef = 8255B4A02224EF3E003E40FE /* PhotoCellInteractor.swift */; };
		8255B4A22224EF3E003E40FE /* PhotoCellInteractor.swift in Sources */ = {isa = PBXBuildFile; fileRef = 8255B4A02224EF3E003E40FE /* PhotoCellInteractor.swift */; };
		82AA3612222620750035F9AD /* PhotoGridCell.swift in Sources */ = {isa = PBXBuildFile; fileRef = 82AA3610222620750035F9AD /* PhotoGridCell.swift */; };
		82AA3613222620750035F9AD /* PhotoGridCell.swift in Sources */ = {isa = PBXBuildFile; fileRef = 82AA3610222620750035F9AD /* PhotoGridCell.swift */; };
		82AA3614222620750035F9AD /* PhotoGridCell.xib in Resources */ = {isa = PBXBuildFile; fileRef = 82AA3611222620750035F9AD /* PhotoGridCell.xib */; };
		82AA3615222620750035F9AD /* PhotoGridCell.xib in Resources */ = {isa = PBXBuildFile; fileRef = 82AA3611222620750035F9AD /* PhotoGridCell.xib */; };
		82AA361722262B410035F9AD /* CustomLayout.swift in Sources */ = {isa = PBXBuildFile; fileRef = 82AA361622262B410035F9AD /* CustomLayout.swift */; };
		82AA361822262B410035F9AD /* CustomLayout.swift in Sources */ = {isa = PBXBuildFile; fileRef = 82AA361622262B410035F9AD /* CustomLayout.swift */; };
		82DCDFF122236060009D00E9 /* AppDelegate.swift in Sources */ = {isa = PBXBuildFile; fileRef = 82DCDFF022236060009D00E9 /* AppDelegate.swift */; };
		82DCDFF322236060009D00E9 /* ViewController.swift in Sources */ = {isa = PBXBuildFile; fileRef = 82DCDFF222236060009D00E9 /* ViewController.swift */; };
		82DCDFF622236060009D00E9 /* Main.storyboard in Resources */ = {isa = PBXBuildFile; fileRef = 82DCDFF422236060009D00E9 /* Main.storyboard */; };
		82DCDFF822236062009D00E9 /* Assets.xcassets in Resources */ = {isa = PBXBuildFile; fileRef = 82DCDFF722236062009D00E9 /* Assets.xcassets */; };
		82DCDFFB22236062009D00E9 /* LaunchScreen.storyboard in Resources */ = {isa = PBXBuildFile; fileRef = 82DCDFF922236062009D00E9 /* LaunchScreen.storyboard */; };
		82DCE00622236063009D00E9 /* mindera_TestTests.swift in Sources */ = {isa = PBXBuildFile; fileRef = 82DCE00522236063009D00E9 /* mindera_TestTests.swift */; };
		82DCE01122236063009D00E9 /* mindera_TestUITests.swift in Sources */ = {isa = PBXBuildFile; fileRef = 82DCE01022236063009D00E9 /* mindera_TestUITests.swift */; };
		82DCE03422236A1C009D00E9 /* ListPhotosInterfaces.swift in Sources */ = {isa = PBXBuildFile; fileRef = 82DCE03322236A1C009D00E9 /* ListPhotosInterfaces.swift */; };
		82DCE03522236A1C009D00E9 /* ListPhotosInterfaces.swift in Sources */ = {isa = PBXBuildFile; fileRef = 82DCE03322236A1C009D00E9 /* ListPhotosInterfaces.swift */; };
		82DCE03722236A33009D00E9 /* ListOfPhotosPresenter.swift in Sources */ = {isa = PBXBuildFile; fileRef = 82DCE03622236A33009D00E9 /* ListOfPhotosPresenter.swift */; };
		82DCE03822236A33009D00E9 /* ListOfPhotosPresenter.swift in Sources */ = {isa = PBXBuildFile; fileRef = 82DCE03622236A33009D00E9 /* ListOfPhotosPresenter.swift */; };
		82DCE03A22236A53009D00E9 /* ListOfPhotosInteractor.swift in Sources */ = {isa = PBXBuildFile; fileRef = 82DCE03922236A53009D00E9 /* ListOfPhotosInteractor.swift */; };
		82DCE03B22236A53009D00E9 /* ListOfPhotosInteractor.swift in Sources */ = {isa = PBXBuildFile; fileRef = 82DCE03922236A53009D00E9 /* ListOfPhotosInteractor.swift */; };
		82DCE03E22236F42009D00E9 /* BaseClient.swift in Sources */ = {isa = PBXBuildFile; fileRef = 82DCE03D22236F42009D00E9 /* BaseClient.swift */; };
		ADF26B58F3F16BC2E75A6AF4 /* Pods_mindera_TestTests.framework in Frameworks */ = {isa = PBXBuildFile; fileRef = 21730DACFAA157D2887B1821 /* Pods_mindera_TestTests.framework */; };
/* End PBXBuildFile section */

/* Begin PBXContainerItemProxy section */
		82DCE00222236062009D00E9 /* PBXContainerItemProxy */ = {
			isa = PBXContainerItemProxy;
			containerPortal = 82DCDFE522236060009D00E9 /* Project object */;
			proxyType = 1;
			remoteGlobalIDString = 82DCDFEC22236060009D00E9;
			remoteInfo = "mindera Test";
		};
		82DCE00D22236063009D00E9 /* PBXContainerItemProxy */ = {
			isa = PBXContainerItemProxy;
			containerPortal = 82DCDFE522236060009D00E9 /* Project object */;
			proxyType = 1;
			remoteGlobalIDString = 82DCDFEC22236060009D00E9;
			remoteInfo = "mindera Test";
		};
/* End PBXContainerItemProxy section */

/* Begin PBXFileReference section */
		16F6955A4E9ED673EACB3FFB /* Pods-mindera Test.release.xcconfig */ = {isa = PBXFileReference; includeInIndex = 1; lastKnownFileType = text.xcconfig; name = "Pods-mindera Test.release.xcconfig"; path = "Pods/Target Support Files/Pods-mindera Test/Pods-mindera Test.release.xcconfig"; sourceTree = "<group>"; };
		1996A3488D2C8010B6A0406D /* Pods-mindera TestTests.debug.xcconfig */ = {isa = PBXFileReference; includeInIndex = 1; lastKnownFileType = text.xcconfig; name = "Pods-mindera TestTests.debug.xcconfig"; path = "Pods/Target Support Files/Pods-mindera TestTests/Pods-mindera TestTests.debug.xcconfig"; sourceTree = "<group>"; };
		21730DACFAA157D2887B1821 /* Pods_mindera_TestTests.framework */ = {isa = PBXFileReference; explicitFileType = wrapper.framework; includeInIndex = 0; path = Pods_mindera_TestTests.framework; sourceTree = BUILT_PRODUCTS_DIR; };
		5B4F920D4205CC8B08A29736 /* Pods-mindera Test.debug.xcconfig */ = {isa = PBXFileReference; includeInIndex = 1; lastKnownFileType = text.xcconfig; name = "Pods-mindera Test.debug.xcconfig"; path = "Pods/Target Support Files/Pods-mindera Test/Pods-mindera Test.debug.xcconfig"; sourceTree = "<group>"; };
		6D7BAD78598B39FA6A316C30 /* Pods-mindera TestTests.release.xcconfig */ = {isa = PBXFileReference; includeInIndex = 1; lastKnownFileType = text.xcconfig; name = "Pods-mindera TestTests.release.xcconfig"; path = "Pods/Target Support Files/Pods-mindera TestTests/Pods-mindera TestTests.release.xcconfig"; sourceTree = "<group>"; };
		70FA15DE115104878DCBCF62 /* Pods-mindera TestUITests.release.xcconfig */ = {isa = PBXFileReference; includeInIndex = 1; lastKnownFileType = text.xcconfig; name = "Pods-mindera TestUITests.release.xcconfig"; path = "Pods/Target Support Files/Pods-mindera TestUITests/Pods-mindera TestUITests.release.xcconfig"; sourceTree = "<group>"; };
		821E8D0122239034002E0BB2 /* PlistConfiguration.swift */ = {isa = PBXFileReference; lastKnownFileType = sourcecode.swift; path = PlistConfiguration.swift; sourceTree = "<group>"; };
		821E8D0322239306002E0BB2 /* Endpoints.plist */ = {isa = PBXFileReference; lastKnownFileType = text.plist.xml; path = Endpoints.plist; sourceTree = "<group>"; };
		821E8D0822239F4A002E0BB2 /* StatusCode.swift */ = {isa = PBXFileReference; lastKnownFileType = sourcecode.swift; path = StatusCode.swift; sourceTree = "<group>"; };
		8255B48E2224CA15003E40FE /* PhotoObject.swift */ = {isa = PBXFileReference; lastKnownFileType = sourcecode.swift; path = PhotoObject.swift; sourceTree = "<group>"; };
		8255B49A2224EF1C003E40FE /* PhotoCellInterfaces.swift */ = {isa = PBXFileReference; lastKnownFileType = sourcecode.swift; path = PhotoCellInterfaces.swift; sourceTree = "<group>"; };
		8255B49D2224EF2A003E40FE /* PhotoCellPresenter.swift */ = {isa = PBXFileReference; lastKnownFileType = sourcecode.swift; path = PhotoCellPresenter.swift; sourceTree = "<group>"; };
		8255B4A02224EF3E003E40FE /* PhotoCellInteractor.swift */ = {isa = PBXFileReference; lastKnownFileType = sourcecode.swift; path = PhotoCellInteractor.swift; sourceTree = "<group>"; };
		82AA3610222620750035F9AD /* PhotoGridCell.swift */ = {isa = PBXFileReference; lastKnownFileType = sourcecode.swift; path = PhotoGridCell.swift; sourceTree = "<group>"; };
		82AA3611222620750035F9AD /* PhotoGridCell.xib */ = {isa = PBXFileReference; lastKnownFileType = file.xib; path = PhotoGridCell.xib; sourceTree = "<group>"; };
		82AA361622262B410035F9AD /* CustomLayout.swift */ = {isa = PBXFileReference; lastKnownFileType = sourcecode.swift; path = CustomLayout.swift; sourceTree = "<group>"; };
		82DCDFED22236060009D00E9 /* mindera Test.app */ = {isa = PBXFileReference; explicitFileType = wrapper.application; includeInIndex = 0; path = "mindera Test.app"; sourceTree = BUILT_PRODUCTS_DIR; };
		82DCDFF022236060009D00E9 /* AppDelegate.swift */ = {isa = PBXFileReference; lastKnownFileType = sourcecode.swift; path = AppDelegate.swift; sourceTree = "<group>"; };
		82DCDFF222236060009D00E9 /* ViewController.swift */ = {isa = PBXFileReference; lastKnownFileType = sourcecode.swift; path = ViewController.swift; sourceTree = "<group>"; };
		82DCDFF522236060009D00E9 /* Base */ = {isa = PBXFileReference; lastKnownFileType = file.storyboard; name = Base; path = Base.lproj/Main.storyboard; sourceTree = "<group>"; };
		82DCDFF722236062009D00E9 /* Assets.xcassets */ = {isa = PBXFileReference; lastKnownFileType = folder.assetcatalog; path = Assets.xcassets; sourceTree = "<group>"; };
		82DCDFFA22236062009D00E9 /* Base */ = {isa = PBXFileReference; lastKnownFileType = file.storyboard; name = Base; path = Base.lproj/LaunchScreen.storyboard; sourceTree = "<group>"; };
		82DCDFFC22236062009D00E9 /* Info.plist */ = {isa = PBXFileReference; lastKnownFileType = text.plist.xml; path = Info.plist; sourceTree = "<group>"; };
		82DCE00122236062009D00E9 /* mindera TestTests.xctest */ = {isa = PBXFileReference; explicitFileType = wrapper.cfbundle; includeInIndex = 0; path = "mindera TestTests.xctest"; sourceTree = BUILT_PRODUCTS_DIR; };
		82DCE00522236063009D00E9 /* mindera_TestTests.swift */ = {isa = PBXFileReference; lastKnownFileType = sourcecode.swift; path = mindera_TestTests.swift; sourceTree = "<group>"; };
		82DCE00722236063009D00E9 /* Info.plist */ = {isa = PBXFileReference; lastKnownFileType = text.plist.xml; path = Info.plist; sourceTree = "<group>"; };
		82DCE00C22236063009D00E9 /* mindera TestUITests.xctest */ = {isa = PBXFileReference; explicitFileType = wrapper.cfbundle; includeInIndex = 0; path = "mindera TestUITests.xctest"; sourceTree = BUILT_PRODUCTS_DIR; };
		82DCE01022236063009D00E9 /* mindera_TestUITests.swift */ = {isa = PBXFileReference; lastKnownFileType = sourcecode.swift; path = mindera_TestUITests.swift; sourceTree = "<group>"; };
		82DCE01222236063009D00E9 /* Info.plist */ = {isa = PBXFileReference; lastKnownFileType = text.plist.xml; path = Info.plist; sourceTree = "<group>"; };
		82DCE03322236A1C009D00E9 /* ListPhotosInterfaces.swift */ = {isa = PBXFileReference; lastKnownFileType = sourcecode.swift; path = ListPhotosInterfaces.swift; sourceTree = "<group>"; };
		82DCE03622236A33009D00E9 /* ListOfPhotosPresenter.swift */ = {isa = PBXFileReference; lastKnownFileType = sourcecode.swift; path = ListOfPhotosPresenter.swift; sourceTree = "<group>"; };
		82DCE03922236A53009D00E9 /* ListOfPhotosInteractor.swift */ = {isa = PBXFileReference; lastKnownFileType = sourcecode.swift; path = ListOfPhotosInteractor.swift; sourceTree = "<group>"; };
		82DCE03D22236F42009D00E9 /* BaseClient.swift */ = {isa = PBXFileReference; lastKnownFileType = sourcecode.swift; path = BaseClient.swift; sourceTree = "<group>"; };
		96A2CA132EB2F8DA67183113 /* Pods_mindera_TestUITests.framework */ = {isa = PBXFileReference; explicitFileType = wrapper.framework; includeInIndex = 0; path = Pods_mindera_TestUITests.framework; sourceTree = BUILT_PRODUCTS_DIR; };
		BDC14699F87B3E37468FA095 /* Pods-mindera TestUITests.debug.xcconfig */ = {isa = PBXFileReference; includeInIndex = 1; lastKnownFileType = text.xcconfig; name = "Pods-mindera TestUITests.debug.xcconfig"; path = "Pods/Target Support Files/Pods-mindera TestUITests/Pods-mindera TestUITests.debug.xcconfig"; sourceTree = "<group>"; };
		BF203A2A2A3285A6AFA04CA7 /* Pods_mindera_Test.framework */ = {isa = PBXFileReference; explicitFileType = wrapper.framework; includeInIndex = 0; path = Pods_mindera_Test.framework; sourceTree = BUILT_PRODUCTS_DIR; };
/* End PBXFileReference section */

/* Begin PBXFrameworksBuildPhase section */
		82DCDFEA22236060009D00E9 /* Frameworks */ = {
			isa = PBXFrameworksBuildPhase;
			buildActionMask = 2147483647;
			files = (
				7F9BECFD8D81E0F290CA5EF7 /* Pods_mindera_Test.framework in Frameworks */,
			);
			runOnlyForDeploymentPostprocessing = 0;
		};
		82DCDFFE22236062009D00E9 /* Frameworks */ = {
			isa = PBXFrameworksBuildPhase;
			buildActionMask = 2147483647;
			files = (
				ADF26B58F3F16BC2E75A6AF4 /* Pods_mindera_TestTests.framework in Frameworks */,
			);
			runOnlyForDeploymentPostprocessing = 0;
		};
		82DCE00922236063009D00E9 /* Frameworks */ = {
			isa = PBXFrameworksBuildPhase;
			buildActionMask = 2147483647;
			files = (
				5CD964CC9F3A04CBA95495D5 /* Pods_mindera_TestUITests.framework in Frameworks */,
			);
			runOnlyForDeploymentPostprocessing = 0;
		};
/* End PBXFrameworksBuildPhase section */

/* Begin PBXGroup section */
		140256BFA92ED9B258881295 /* Frameworks */ = {
			isa = PBXGroup;
			children = (
				BF203A2A2A3285A6AFA04CA7 /* Pods_mindera_Test.framework */,
				21730DACFAA157D2887B1821 /* Pods_mindera_TestTests.framework */,
				96A2CA132EB2F8DA67183113 /* Pods_mindera_TestUITests.framework */,
			);
			name = Frameworks;
			sourceTree = "<group>";
		};
		821E8D0722239F33002E0BB2 /* Enums */ = {
			isa = PBXGroup;
			children = (
				821E8D0822239F4A002E0BB2 /* StatusCode.swift */,
			);
			path = Enums;
			sourceTree = "<group>";
		};
		8255B48D2224C9AC003E40FE /* Models */ = {
			isa = PBXGroup;
			children = (
				8255B48E2224CA15003E40FE /* PhotoObject.swift */,
			);
			path = Models;
			sourceTree = "<group>";
		};
		8255B4912224E808003E40FE /* Cells */ = {
			isa = PBXGroup;
			children = (
				82AA3610222620750035F9AD /* PhotoGridCell.swift */,
				82AA3611222620750035F9AD /* PhotoGridCell.xib */,
			);
			path = Cells;
			sourceTree = "<group>";
		};
		8255B4982224EEDF003E40FE /* VIewController */ = {
			isa = PBXGroup;
			children = (
				82DCE03322236A1C009D00E9 /* ListPhotosInterfaces.swift */,
				82DCE03622236A33009D00E9 /* ListOfPhotosPresenter.swift */,
				82DCE03922236A53009D00E9 /* ListOfPhotosInteractor.swift */,
			);
			path = VIewController;
			sourceTree = "<group>";
		};
		8255B4992224EEF5003E40FE /* PhotoCell */ = {
			isa = PBXGroup;
			children = (
				8255B49A2224EF1C003E40FE /* PhotoCellInterfaces.swift */,
				8255B49D2224EF2A003E40FE /* PhotoCellPresenter.swift */,
				8255B4A02224EF3E003E40FE /* PhotoCellInteractor.swift */,
			);
			path = PhotoCell;
			sourceTree = "<group>";
		};
		82AA361922262B480035F9AD /* Layout */ = {
			isa = PBXGroup;
			children = (
				82AA361622262B410035F9AD /* CustomLayout.swift */,
			);
			path = Layout;
			sourceTree = "<group>";
		};
		82DCDFE422236060009D00E9 = {
			isa = PBXGroup;
			children = (
				82DCDFEF22236060009D00E9 /* mindera Test */,
				82DCE00422236062009D00E9 /* mindera TestTests */,
				82DCE00F22236063009D00E9 /* mindera TestUITests */,
				82DCDFEE22236060009D00E9 /* Products */,
				F5C8FE1F33F4BF2ECA420AF6 /* Pods */,
				140256BFA92ED9B258881295 /* Frameworks */,
			);
			sourceTree = "<group>";
		};
		82DCDFEE22236060009D00E9 /* Products */ = {
			isa = PBXGroup;
			children = (
				82DCDFED22236060009D00E9 /* mindera Test.app */,
				82DCE00122236062009D00E9 /* mindera TestTests.xctest */,
				82DCE00C22236063009D00E9 /* mindera TestUITests.xctest */,
			);
			name = Products;
			sourceTree = "<group>";
		};
		82DCDFEF22236060009D00E9 /* mindera Test */ = {
			isa = PBXGroup;
			children = (
				82DCE01E22236454009D00E9 /* Application */,
			);
			path = "mindera Test";
			sourceTree = "<group>";
		};
		82DCE00422236062009D00E9 /* mindera TestTests */ = {
			isa = PBXGroup;
			children = (
				82DCE00522236063009D00E9 /* mindera_TestTests.swift */,
				82DCE00722236063009D00E9 /* Info.plist */,
			);
			path = "mindera TestTests";
			sourceTree = "<group>";
		};
		82DCE00F22236063009D00E9 /* mindera TestUITests */ = {
			isa = PBXGroup;
			children = (
				82DCE01022236063009D00E9 /* mindera_TestUITests.swift */,
				82DCE01222236063009D00E9 /* Info.plist */,
			);
			path = "mindera TestUITests";
			sourceTree = "<group>";
		};
		82DCE01E22236454009D00E9 /* Application */ = {
			isa = PBXGroup;
			children = (
				821E8D0722239F33002E0BB2 /* Enums */,
				82DCE03C22236F2D009D00E9 /* Base */,
				82DCE02022236477009D00E9 /* Modules */,
				82DCE01F2223646F009D00E9 /* App */,
			);
			path = Application;
			sourceTree = "<group>";
		};
		82DCE01F2223646F009D00E9 /* App */ = {
			isa = PBXGroup;
			children = (
				82DCDFF022236060009D00E9 /* AppDelegate.swift */,
				82DCDFF722236062009D00E9 /* Assets.xcassets */,
				82DCDFF922236062009D00E9 /* LaunchScreen.storyboard */,
				82DCDFFC22236062009D00E9 /* Info.plist */,
				821E8D0122239034002E0BB2 /* PlistConfiguration.swift */,
				821E8D0322239306002E0BB2 /* Endpoints.plist */,
			);
			path = App;
			sourceTree = "<group>";
		};
		82DCE02022236477009D00E9 /* Modules */ = {
			isa = PBXGroup;
			children = (
				82DCE021222364B8009D00E9 /* ListPhotos */,
			);
			path = Modules;
			sourceTree = "<group>";
		};
		82DCE021222364B8009D00E9 /* ListPhotos */ = {
			isa = PBXGroup;
			children = (
				8255B4912224E808003E40FE /* Cells */,
				8255B48D2224C9AC003E40FE /* Models */,
				82DCE024222364EB009D00E9 /* Views */,
				82DCE023222364D8009D00E9 /* Controllers */,
				82DCE022222364CB009D00E9 /* Services */,
				82AA361922262B480035F9AD /* Layout */,
			);
			path = ListPhotos;
			sourceTree = "<group>";
		};
		82DCE022222364CB009D00E9 /* Services */ = {
			isa = PBXGroup;
			children = (
				8255B4992224EEF5003E40FE /* PhotoCell */,
				8255B4982224EEDF003E40FE /* VIewController */,
			);
			path = Services;
			sourceTree = "<group>";
		};
		82DCE023222364D8009D00E9 /* Controllers */ = {
			isa = PBXGroup;
			children = (
				82DCDFF222236060009D00E9 /* ViewController.swift */,
			);
			path = Controllers;
			sourceTree = "<group>";
		};
		82DCE024222364EB009D00E9 /* Views */ = {
			isa = PBXGroup;
			children = (
				82DCDFF422236060009D00E9 /* Main.storyboard */,
			);
			path = Views;
			sourceTree = "<group>";
		};
		82DCE03C22236F2D009D00E9 /* Base */ = {
			isa = PBXGroup;
			children = (
				82DCE03D22236F42009D00E9 /* BaseClient.swift */,
			);
			path = Base;
			sourceTree = "<group>";
		};
		F5C8FE1F33F4BF2ECA420AF6 /* Pods */ = {
			isa = PBXGroup;
			children = (
				5B4F920D4205CC8B08A29736 /* Pods-mindera Test.debug.xcconfig */,
				16F6955A4E9ED673EACB3FFB /* Pods-mindera Test.release.xcconfig */,
				1996A3488D2C8010B6A0406D /* Pods-mindera TestTests.debug.xcconfig */,
				6D7BAD78598B39FA6A316C30 /* Pods-mindera TestTests.release.xcconfig */,
				BDC14699F87B3E37468FA095 /* Pods-mindera TestUITests.debug.xcconfig */,
				70FA15DE115104878DCBCF62 /* Pods-mindera TestUITests.release.xcconfig */,
			);
			name = Pods;
			sourceTree = "<group>";
		};
/* End PBXGroup section */

/* Begin PBXNativeTarget section */
		82DCDFEC22236060009D00E9 /* mindera Test */ = {
			isa = PBXNativeTarget;
			buildConfigurationList = 82DCE01522236063009D00E9 /* Build configuration list for PBXNativeTarget "mindera Test" */;
			buildPhases = (
				2C41BE228FE1ECE73BBD64D6 /* [CP] Check Pods Manifest.lock */,
				82DCDFE922236060009D00E9 /* Sources */,
				82DCDFEA22236060009D00E9 /* Frameworks */,
				82DCDFEB22236060009D00E9 /* Resources */,
				3397B413B341A288D739F930 /* [CP] Embed Pods Frameworks */,
			);
			buildRules = (
			);
			dependencies = (
			);
			name = "mindera Test";
			productName = "mindera Test";
			productReference = 82DCDFED22236060009D00E9 /* mindera Test.app */;
			productType = "com.apple.product-type.application";
		};
		82DCE00022236062009D00E9 /* mindera TestTests */ = {
			isa = PBXNativeTarget;
			buildConfigurationList = 82DCE01822236063009D00E9 /* Build configuration list for PBXNativeTarget "mindera TestTests" */;
			buildPhases = (
				7A3C78DB4D69B88CA0B4B4D7 /* [CP] Check Pods Manifest.lock */,
				82DCDFFD22236062009D00E9 /* Sources */,
				82DCDFFE22236062009D00E9 /* Frameworks */,
				82DCDFFF22236062009D00E9 /* Resources */,
			);
			buildRules = (
			);
			dependencies = (
				82DCE00322236062009D00E9 /* PBXTargetDependency */,
			);
			name = "mindera TestTests";
			productName = "mindera TestTests";
			productReference = 82DCE00122236062009D00E9 /* mindera TestTests.xctest */;
			productType = "com.apple.product-type.bundle.unit-test";
		};
		82DCE00B22236063009D00E9 /* mindera TestUITests */ = {
			isa = PBXNativeTarget;
			buildConfigurationList = 82DCE01B22236063009D00E9 /* Build configuration list for PBXNativeTarget "mindera TestUITests" */;
			buildPhases = (
				1F2FE2B6B3E4F5DC96F07DD4 /* [CP] Check Pods Manifest.lock */,
				82DCE00822236063009D00E9 /* Sources */,
				82DCE00922236063009D00E9 /* Frameworks */,
				82DCE00A22236063009D00E9 /* Resources */,
			);
			buildRules = (
			);
			dependencies = (
				82DCE00E22236063009D00E9 /* PBXTargetDependency */,
			);
			name = "mindera TestUITests";
			productName = "mindera TestUITests";
			productReference = 82DCE00C22236063009D00E9 /* mindera TestUITests.xctest */;
			productType = "com.apple.product-type.bundle.ui-testing";
		};
/* End PBXNativeTarget section */

/* Begin PBXProject section */
		82DCDFE522236060009D00E9 /* Project object */ = {
			isa = PBXProject;
			attributes = {
				LastSwiftUpdateCheck = 1010;
				LastUpgradeCheck = 1010;
				ORGANIZATIONNAME = "Marcelo Garcia";
				TargetAttributes = {
					82DCDFEC22236060009D00E9 = {
						CreatedOnToolsVersion = 10.1;
					};
					82DCE00022236062009D00E9 = {
						CreatedOnToolsVersion = 10.1;
						TestTargetID = 82DCDFEC22236060009D00E9;
					};
					82DCE00B22236063009D00E9 = {
						CreatedOnToolsVersion = 10.1;
						TestTargetID = 82DCDFEC22236060009D00E9;
					};
				};
			};
			buildConfigurationList = 82DCDFE822236060009D00E9 /* Build configuration list for PBXProject "mindera Test" */;
			compatibilityVersion = "Xcode 9.3";
			developmentRegion = en;
			hasScannedForEncodings = 0;
			knownRegions = (
				en,
				Base,
			);
			mainGroup = 82DCDFE422236060009D00E9;
			productRefGroup = 82DCDFEE22236060009D00E9 /* Products */;
			projectDirPath = "";
			projectRoot = "";
			targets = (
				82DCDFEC22236060009D00E9 /* mindera Test */,
				82DCE00022236062009D00E9 /* mindera TestTests */,
				82DCE00B22236063009D00E9 /* mindera TestUITests */,
			);
		};
/* End PBXProject section */

/* Begin PBXResourcesBuildPhase section */
		82DCDFEB22236060009D00E9 /* Resources */ = {
			isa = PBXResourcesBuildPhase;
			buildActionMask = 2147483647;
			files = (
				82DCDFFB22236062009D00E9 /* LaunchScreen.storyboard in Resources */,
				82DCDFF822236062009D00E9 /* Assets.xcassets in Resources */,
				82AA3614222620750035F9AD /* PhotoGridCell.xib in Resources */,
				821E8D0422239306002E0BB2 /* Endpoints.plist in Resources */,
				82DCDFF622236060009D00E9 /* Main.storyboard in Resources */,
			);
			runOnlyForDeploymentPostprocessing = 0;
		};
		82DCDFFF22236062009D00E9 /* Resources */ = {
			isa = PBXResourcesBuildPhase;
			buildActionMask = 2147483647;
			files = (
				82AA3615222620750035F9AD /* PhotoGridCell.xib in Resources */,
			);
			runOnlyForDeploymentPostprocessing = 0;
		};
		82DCE00A22236063009D00E9 /* Resources */ = {
			isa = PBXResourcesBuildPhase;
			buildActionMask = 2147483647;
			files = (
			);
			runOnlyForDeploymentPostprocessing = 0;
		};
/* End PBXResourcesBuildPhase section */

/* Begin PBXShellScriptBuildPhase section */
		1F2FE2B6B3E4F5DC96F07DD4 /* [CP] Check Pods Manifest.lock */ = {
			isa = PBXShellScriptBuildPhase;
			buildActionMask = 2147483647;
			files = (
			);
			inputFileListPaths = (
			);
			inputPaths = (
				"${PODS_PODFILE_DIR_PATH}/Podfile.lock",
				"${PODS_ROOT}/Manifest.lock",
			);
			name = "[CP] Check Pods Manifest.lock";
			outputFileListPaths = (
			);
			outputPaths = (
				"$(DERIVED_FILE_DIR)/Pods-mindera TestUITests-checkManifestLockResult.txt",
			);
			runOnlyForDeploymentPostprocessing = 0;
			shellPath = /bin/sh;
			shellScript = "diff \"${PODS_PODFILE_DIR_PATH}/Podfile.lock\" \"${PODS_ROOT}/Manifest.lock\" > /dev/null\nif [ $? != 0 ] ; then\n    # print error to STDERR\n    echo \"error: The sandbox is not in sync with the Podfile.lock. Run 'pod install' or update your CocoaPods installation.\" >&2\n    exit 1\nfi\n# This output is used by Xcode 'outputs' to avoid re-running this script phase.\necho \"SUCCESS\" > \"${SCRIPT_OUTPUT_FILE_0}\"\n";
			showEnvVarsInLog = 0;
		};
		2C41BE228FE1ECE73BBD64D6 /* [CP] Check Pods Manifest.lock */ = {
			isa = PBXShellScriptBuildPhase;
			buildActionMask = 2147483647;
			files = (
			);
			inputFileListPaths = (
			);
			inputPaths = (
				"${PODS_PODFILE_DIR_PATH}/Podfile.lock",
				"${PODS_ROOT}/Manifest.lock",
			);
			name = "[CP] Check Pods Manifest.lock";
			outputFileListPaths = (
			);
			outputPaths = (
				"$(DERIVED_FILE_DIR)/Pods-mindera Test-checkManifestLockResult.txt",
			);
			runOnlyForDeploymentPostprocessing = 0;
			shellPath = /bin/sh;
			shellScript = "diff \"${PODS_PODFILE_DIR_PATH}/Podfile.lock\" \"${PODS_ROOT}/Manifest.lock\" > /dev/null\nif [ $? != 0 ] ; then\n    # print error to STDERR\n    echo \"error: The sandbox is not in sync with the Podfile.lock. Run 'pod install' or update your CocoaPods installation.\" >&2\n    exit 1\nfi\n# This output is used by Xcode 'outputs' to avoid re-running this script phase.\necho \"SUCCESS\" > \"${SCRIPT_OUTPUT_FILE_0}\"\n";
			showEnvVarsInLog = 0;
		};
		3397B413B341A288D739F930 /* [CP] Embed Pods Frameworks */ = {
			isa = PBXShellScriptBuildPhase;
			buildActionMask = 2147483647;
			files = (
			);
			inputFileListPaths = (
			);
			inputPaths = (
				"${SRCROOT}/Pods/Target Support Files/Pods-mindera Test/Pods-mindera Test-frameworks.sh",
				"${BUILT_PRODUCTS_DIR}/Alamofire/Alamofire.framework",
				"${BUILT_PRODUCTS_DIR}/SDWebImage/SDWebImage.framework",
				"${BUILT_PRODUCTS_DIR}/SwiftyJSON/SwiftyJSON.framework",
			);
			name = "[CP] Embed Pods Frameworks";
			outputFileListPaths = (
			);
			outputPaths = (
				"${TARGET_BUILD_DIR}/${FRAMEWORKS_FOLDER_PATH}/Alamofire.framework",
				"${TARGET_BUILD_DIR}/${FRAMEWORKS_FOLDER_PATH}/SDWebImage.framework",
				"${TARGET_BUILD_DIR}/${FRAMEWORKS_FOLDER_PATH}/SwiftyJSON.framework",
			);
			runOnlyForDeploymentPostprocessing = 0;
			shellPath = /bin/sh;
			shellScript = "\"${SRCROOT}/Pods/Target Support Files/Pods-mindera Test/Pods-mindera Test-frameworks.sh\"\n";
			showEnvVarsInLog = 0;
		};
		7A3C78DB4D69B88CA0B4B4D7 /* [CP] Check Pods Manifest.lock */ = {
			isa = PBXShellScriptBuildPhase;
			buildActionMask = 2147483647;
			files = (
			);
			inputFileListPaths = (
			);
			inputPaths = (
				"${PODS_PODFILE_DIR_PATH}/Podfile.lock",
				"${PODS_ROOT}/Manifest.lock",
			);
			name = "[CP] Check Pods Manifest.lock";
			outputFileListPaths = (
			);
			outputPaths = (
				"$(DERIVED_FILE_DIR)/Pods-mindera TestTests-checkManifestLockResult.txt",
			);
			runOnlyForDeploymentPostprocessing = 0;
			shellPath = /bin/sh;
			shellScript = "diff \"${PODS_PODFILE_DIR_PATH}/Podfile.lock\" \"${PODS_ROOT}/Manifest.lock\" > /dev/null\nif [ $? != 0 ] ; then\n    # print error to STDERR\n    echo \"error: The sandbox is not in sync with the Podfile.lock. Run 'pod install' or update your CocoaPods installation.\" >&2\n    exit 1\nfi\n# This output is used by Xcode 'outputs' to avoid re-running this script phase.\necho \"SUCCESS\" > \"${SCRIPT_OUTPUT_FILE_0}\"\n";
			showEnvVarsInLog = 0;
		};
/* End PBXShellScriptBuildPhase section */

/* Begin PBXSourcesBuildPhase section */
		82DCDFE922236060009D00E9 /* Sources */ = {
			isa = PBXSourcesBuildPhase;
			buildActionMask = 2147483647;
			files = (
				821E8D0222239034002E0BB2 /* PlistConfiguration.swift in Sources */,
				82DCE03722236A33009D00E9 /* ListOfPhotosPresenter.swift in Sources */,
				8255B49B2224EF1C003E40FE /* PhotoCellInterfaces.swift in Sources */,
				821E8D0922239F4A002E0BB2 /* StatusCode.swift in Sources */,
				82DCE03E22236F42009D00E9 /* BaseClient.swift in Sources */,
				8255B49E2224EF2A003E40FE /* PhotoCellPresenter.swift in Sources */,
				82AA361722262B410035F9AD /* CustomLayout.swift in Sources */,
				82DCDFF322236060009D00E9 /* ViewController.swift in Sources */,
				82DCE03A22236A53009D00E9 /* ListOfPhotosInteractor.swift in Sources */,
				82AA3612222620750035F9AD /* PhotoGridCell.swift in Sources */,
				82DCDFF122236060009D00E9 /* AppDelegate.swift in Sources */,
				8255B4A12224EF3E003E40FE /* PhotoCellInteractor.swift in Sources */,
				82DCE03422236A1C009D00E9 /* ListPhotosInterfaces.swift in Sources */,
				8255B48F2224CA15003E40FE /* PhotoObject.swift in Sources */,
			);
			runOnlyForDeploymentPostprocessing = 0;
		};
		82DCDFFD22236062009D00E9 /* Sources */ = {
			isa = PBXSourcesBuildPhase;
			buildActionMask = 2147483647;
			files = (
				82AA3613222620750035F9AD /* PhotoGridCell.swift in Sources */,
				821E8D0A22239F4A002E0BB2 /* StatusCode.swift in Sources */,
				8255B4A22224EF3E003E40FE /* PhotoCellInteractor.swift in Sources */,
				8255B49C2224EF1C003E40FE /* PhotoCellInterfaces.swift in Sources */,
				82DCE03B22236A53009D00E9 /* ListOfPhotosInteractor.swift in Sources */,
				821E8D0622239DF4002E0BB2 /* BaseClient.swift in Sources */,
				821E8D0522239D6F002E0BB2 /* PlistConfiguration.swift in Sources */,
				82AA361822262B410035F9AD /* CustomLayout.swift in Sources */,
				82DCE03522236A1C009D00E9 /* ListPhotosInterfaces.swift in Sources */,
				8255B4902224CA15003E40FE /* PhotoObject.swift in Sources */,
				82DCE03822236A33009D00E9 /* ListOfPhotosPresenter.swift in Sources */,
				8255B49F2224EF2A003E40FE /* PhotoCellPresenter.swift in Sources */,
				82DCE00622236063009D00E9 /* mindera_TestTests.swift in Sources */,
			);
			runOnlyForDeploymentPostprocessing = 0;
		};
		82DCE00822236063009D00E9 /* Sources */ = {
			isa = PBXSourcesBuildPhase;
			buildActionMask = 2147483647;
			files = (
				82DCE01122236063009D00E9 /* mindera_TestUITests.swift in Sources */,
			);
			runOnlyForDeploymentPostprocessing = 0;
		};
/* End PBXSourcesBuildPhase section */

/* Begin PBXTargetDependency section */
		82DCE00322236062009D00E9 /* PBXTargetDependency */ = {
			isa = PBXTargetDependency;
			target = 82DCDFEC22236060009D00E9 /* mindera Test */;
			targetProxy = 82DCE00222236062009D00E9 /* PBXContainerItemProxy */;
		};
		82DCE00E22236063009D00E9 /* PBXTargetDependency */ = {
			isa = PBXTargetDependency;
			target = 82DCDFEC22236060009D00E9 /* mindera Test */;
			targetProxy = 82DCE00D22236063009D00E9 /* PBXContainerItemProxy */;
		};
/* End PBXTargetDependency section */

/* Begin PBXVariantGroup section */
		82DCDFF422236060009D00E9 /* Main.storyboard */ = {
			isa = PBXVariantGroup;
			children = (
				82DCDFF522236060009D00E9 /* Base */,
			);
			name = Main.storyboard;
			sourceTree = "<group>";
		};
		82DCDFF922236062009D00E9 /* LaunchScreen.storyboard */ = {
			isa = PBXVariantGroup;
			children = (
				82DCDFFA22236062009D00E9 /* Base */,
			);
			name = LaunchScreen.storyboard;
			sourceTree = "<group>";
		};
/* End PBXVariantGroup section */

/* Begin XCBuildConfiguration section */
		82DCE01322236063009D00E9 /* Debug */ = {
			isa = XCBuildConfiguration;
			buildSettings = {
				ALWAYS_SEARCH_USER_PATHS = NO;
				CLANG_ANALYZER_NONNULL = YES;
				CLANG_ANALYZER_NUMBER_OBJECT_CONVERSION = YES_AGGRESSIVE;
				CLANG_CXX_LANGUAGE_STANDARD = "gnu++14";
				CLANG_CXX_LIBRARY = "libc++";
				CLANG_ENABLE_MODULES = YES;
				CLANG_ENABLE_OBJC_ARC = YES;
				CLANG_ENABLE_OBJC_WEAK = YES;
				CLANG_WARN_BLOCK_CAPTURE_AUTORELEASING = YES;
				CLANG_WARN_BOOL_CONVERSION = YES;
				CLANG_WARN_COMMA = YES;
				CLANG_WARN_CONSTANT_CONVERSION = YES;
				CLANG_WARN_DEPRECATED_OBJC_IMPLEMENTATIONS = YES;
				CLANG_WARN_DIRECT_OBJC_ISA_USAGE = YES_ERROR;
				CLANG_WARN_DOCUMENTATION_COMMENTS = YES;
				CLANG_WARN_EMPTY_BODY = YES;
				CLANG_WARN_ENUM_CONVERSION = YES;
				CLANG_WARN_INFINITE_RECURSION = YES;
				CLANG_WARN_INT_CONVERSION = YES;
				CLANG_WARN_NON_LITERAL_NULL_CONVERSION = YES;
				CLANG_WARN_OBJC_IMPLICIT_RETAIN_SELF = YES;
				CLANG_WARN_OBJC_LITERAL_CONVERSION = YES;
				CLANG_WARN_OBJC_ROOT_CLASS = YES_ERROR;
				CLANG_WARN_RANGE_LOOP_ANALYSIS = YES;
				CLANG_WARN_STRICT_PROTOTYPES = YES;
				CLANG_WARN_SUSPICIOUS_MOVE = YES;
				CLANG_WARN_UNGUARDED_AVAILABILITY = YES_AGGRESSIVE;
				CLANG_WARN_UNREACHABLE_CODE = YES;
				CLANG_WARN__DUPLICATE_METHOD_MATCH = YES;
				CODE_SIGN_IDENTITY = "iPhone Developer";
				COPY_PHASE_STRIP = NO;
				DEBUG_INFORMATION_FORMAT = dwarf;
				ENABLE_STRICT_OBJC_MSGSEND = YES;
				ENABLE_TESTABILITY = YES;
				GCC_C_LANGUAGE_STANDARD = gnu11;
				GCC_DYNAMIC_NO_PIC = NO;
				GCC_NO_COMMON_BLOCKS = YES;
				GCC_OPTIMIZATION_LEVEL = 0;
				GCC_PREPROCESSOR_DEFINITIONS = (
					"DEBUG=1",
					"$(inherited)",
				);
				GCC_WARN_64_TO_32_BIT_CONVERSION = YES;
				GCC_WARN_ABOUT_RETURN_TYPE = YES_ERROR;
				GCC_WARN_UNDECLARED_SELECTOR = YES;
				GCC_WARN_UNINITIALIZED_AUTOS = YES_AGGRESSIVE;
				GCC_WARN_UNUSED_FUNCTION = YES;
				GCC_WARN_UNUSED_VARIABLE = YES;
				IPHONEOS_DEPLOYMENT_TARGET = 12.1;
				MTL_ENABLE_DEBUG_INFO = INCLUDE_SOURCE;
				MTL_FAST_MATH = YES;
				ONLY_ACTIVE_ARCH = YES;
				SDKROOT = iphoneos;
				SWIFT_ACTIVE_COMPILATION_CONDITIONS = DEBUG;
				SWIFT_OPTIMIZATION_LEVEL = "-Onone";
			};
			name = Debug;
		};
		82DCE01422236063009D00E9 /* Release */ = {
			isa = XCBuildConfiguration;
			buildSettings = {
				ALWAYS_SEARCH_USER_PATHS = NO;
				CLANG_ANALYZER_NONNULL = YES;
				CLANG_ANALYZER_NUMBER_OBJECT_CONVERSION = YES_AGGRESSIVE;
				CLANG_CXX_LANGUAGE_STANDARD = "gnu++14";
				CLANG_CXX_LIBRARY = "libc++";
				CLANG_ENABLE_MODULES = YES;
				CLANG_ENABLE_OBJC_ARC = YES;
				CLANG_ENABLE_OBJC_WEAK = YES;
				CLANG_WARN_BLOCK_CAPTURE_AUTORELEASING = YES;
				CLANG_WARN_BOOL_CONVERSION = YES;
				CLANG_WARN_COMMA = YES;
				CLANG_WARN_CONSTANT_CONVERSION = YES;
				CLANG_WARN_DEPRECATED_OBJC_IMPLEMENTATIONS = YES;
				CLANG_WARN_DIRECT_OBJC_ISA_USAGE = YES_ERROR;
				CLANG_WARN_DOCUMENTATION_COMMENTS = YES;
				CLANG_WARN_EMPTY_BODY = YES;
				CLANG_WARN_ENUM_CONVERSION = YES;
				CLANG_WARN_INFINITE_RECURSION = YES;
				CLANG_WARN_INT_CONVERSION = YES;
				CLANG_WARN_NON_LITERAL_NULL_CONVERSION = YES;
				CLANG_WARN_OBJC_IMPLICIT_RETAIN_SELF = YES;
				CLANG_WARN_OBJC_LITERAL_CONVERSION = YES;
				CLANG_WARN_OBJC_ROOT_CLASS = YES_ERROR;
				CLANG_WARN_RANGE_LOOP_ANALYSIS = YES;
				CLANG_WARN_STRICT_PROTOTYPES = YES;
				CLANG_WARN_SUSPICIOUS_MOVE = YES;
				CLANG_WARN_UNGUARDED_AVAILABILITY = YES_AGGRESSIVE;
				CLANG_WARN_UNREACHABLE_CODE = YES;
				CLANG_WARN__DUPLICATE_METHOD_MATCH = YES;
				CODE_SIGN_IDENTITY = "iPhone Developer";
				COPY_PHASE_STRIP = NO;
				DEBUG_INFORMATION_FORMAT = "dwarf-with-dsym";
				ENABLE_NS_ASSERTIONS = NO;
				ENABLE_STRICT_OBJC_MSGSEND = YES;
				GCC_C_LANGUAGE_STANDARD = gnu11;
				GCC_NO_COMMON_BLOCKS = YES;
				GCC_WARN_64_TO_32_BIT_CONVERSION = YES;
				GCC_WARN_ABOUT_RETURN_TYPE = YES_ERROR;
				GCC_WARN_UNDECLARED_SELECTOR = YES;
				GCC_WARN_UNINITIALIZED_AUTOS = YES_AGGRESSIVE;
				GCC_WARN_UNUSED_FUNCTION = YES;
				GCC_WARN_UNUSED_VARIABLE = YES;
				IPHONEOS_DEPLOYMENT_TARGET = 12.1;
				MTL_ENABLE_DEBUG_INFO = NO;
				MTL_FAST_MATH = YES;
				SDKROOT = iphoneos;
				SWIFT_COMPILATION_MODE = wholemodule;
				SWIFT_OPTIMIZATION_LEVEL = "-O";
				VALIDATE_PRODUCT = YES;
			};
			name = Release;
		};
		82DCE01622236063009D00E9 /* Debug */ = {
			isa = XCBuildConfiguration;
			baseConfigurationReference = 5B4F920D4205CC8B08A29736 /* Pods-mindera Test.debug.xcconfig */;
			buildSettings = {
				ASSETCATALOG_COMPILER_APPICON_NAME = AppIcon;
				CODE_SIGN_STYLE = Automatic;
				INFOPLIST_FILE = "$(SRCROOT)/mindera Test/Application/App/Info.plist";
				LD_RUNPATH_SEARCH_PATHS = (
					"$(inherited)",
					"@executable_path/Frameworks",
				);
				Mindera_Api_Key = f9cc014fa76b098f9e82f1c288379ea1;
				Mindera_Bundle_Identifier = "marcelo.garcia.mindera-Test";
				Mindera_Bundle_Name = "Mindera Test";
				Mindera_Server_Url = "https://api.flickr.com/services/rest/";
				PRODUCT_BUNDLE_IDENTIFIER = "marcelo.garcia.mindera-Test";
				PRODUCT_NAME = "$(TARGET_NAME)";
				SWIFT_VERSION = 4.2;
				TARGETED_DEVICE_FAMILY = "1,2";
			};
			name = Debug;
		};
		82DCE01722236063009D00E9 /* Release */ = {
			isa = XCBuildConfiguration;
			baseConfigurationReference = 16F6955A4E9ED673EACB3FFB /* Pods-mindera Test.release.xcconfig */;
			buildSettings = {
				ASSETCATALOG_COMPILER_APPICON_NAME = AppIcon;
				CODE_SIGN_STYLE = Automatic;
				INFOPLIST_FILE = "$(SRCROOT)/mindera Test/Application/App/Info.plist";
				LD_RUNPATH_SEARCH_PATHS = (
					"$(inherited)",
					"@executable_path/Frameworks",
				);
				Mindera_Api_Key = f9cc014fa76b098f9e82f1c288379ea1;
				Mindera_Bundle_Identifier = "marcelo.garcia.mindera-Test-Release";
				Mindera_Bundle_Name = "Mindera Test-Release";
				Mindera_Server_Url = "https://api.flickr.com/services/rest/";
				PRODUCT_BUNDLE_IDENTIFIER = "marcelo.garcia.mindera-Test";
				PRODUCT_NAME = "$(TARGET_NAME)";
				SWIFT_VERSION = 4.2;
				TARGETED_DEVICE_FAMILY = "1,2";
			};
			name = Release;
		};
		82DCE01922236063009D00E9 /* Debug */ = {
			isa = XCBuildConfiguration;
			baseConfigurationReference = 1996A3488D2C8010B6A0406D /* Pods-mindera TestTests.debug.xcconfig */;
			buildSettings = {
				ALWAYS_EMBED_SWIFT_STANDARD_LIBRARIES = YES;
				BUNDLE_LOADER = "$(TEST_HOST)";
				CODE_SIGN_STYLE = Automatic;
				INFOPLIST_FILE = "mindera TestTests/Info.plist";
				LD_RUNPATH_SEARCH_PATHS = (
					"$(inherited)",
					"@executable_path/Frameworks",
					"@loader_path/Frameworks",
				);
				PRODUCT_BUNDLE_IDENTIFIER = "marcelo.garcia.mindera-TestTests";
				PRODUCT_NAME = "$(TARGET_NAME)";
				SWIFT_VERSION = 4.2;
				TARGETED_DEVICE_FAMILY = "1,2";
				TEST_HOST = "$(BUILT_PRODUCTS_DIR)/mindera Test.app/mindera Test";
			};
			name = Debug;
		};
		82DCE01A22236063009D00E9 /* Release */ = {
			isa = XCBuildConfiguration;
			baseConfigurationReference = 6D7BAD78598B39FA6A316C30 /* Pods-mindera TestTests.release.xcconfig */;
			buildSettings = {
				ALWAYS_EMBED_SWIFT_STANDARD_LIBRARIES = YES;
				BUNDLE_LOADER = "$(TEST_HOST)";
				CODE_SIGN_STYLE = Automatic;
				INFOPLIST_FILE = "mindera TestTests/Info.plist";
				LD_RUNPATH_SEARCH_PATHS = (
					"$(inherited)",
					"@executable_path/Frameworks",
					"@loader_path/Frameworks",
				);
				PRODUCT_BUNDLE_IDENTIFIER = "marcelo.garcia.mindera-TestTests";
				PRODUCT_NAME = "$(TARGET_NAME)";
				SWIFT_VERSION = 4.2;
				TARGETED_DEVICE_FAMILY = "1,2";
				TEST_HOST = "$(BUILT_PRODUCTS_DIR)/mindera Test.app/mindera Test";
			};
			name = Release;
		};
		82DCE01C22236063009D00E9 /* Debug */ = {
			isa = XCBuildConfiguration;
			baseConfigurationReference = BDC14699F87B3E37468FA095 /* Pods-mindera TestUITests.debug.xcconfig */;
			buildSettings = {
				ALWAYS_EMBED_SWIFT_STANDARD_LIBRARIES = YES;
				CODE_SIGN_STYLE = Automatic;
				INFOPLIST_FILE = "mindera TestUITests/Info.plist";
				LD_RUNPATH_SEARCH_PATHS = (
					"$(inherited)",
					"@executable_path/Frameworks",
					"@loader_path/Frameworks",
				);
				PRODUCT_BUNDLE_IDENTIFIER = "marcelo.garcia.mindera-TestUITests";
				PRODUCT_NAME = "$(TARGET_NAME)";
				SWIFT_VERSION = 4.2;
				TARGETED_DEVICE_FAMILY = "1,2";
				TEST_TARGET_NAME = "mindera Test";
			};
			name = Debug;
		};
		82DCE01D22236063009D00E9 /* Release */ = {
			isa = XCBuildConfiguration;
			baseConfigurationReference = 70FA15DE115104878DCBCF62 /* Pods-mindera TestUITests.release.xcconfig */;
			buildSettings = {
				ALWAYS_EMBED_SWIFT_STANDARD_LIBRARIES = YES;
				CODE_SIGN_STYLE = Automatic;
				INFOPLIST_FILE = "mindera TestUITests/Info.plist";
				LD_RUNPATH_SEARCH_PATHS = (
					"$(inherited)",
					"@executable_path/Frameworks",
					"@loader_path/Frameworks",
				);
				PRODUCT_BUNDLE_IDENTIFIER = "marcelo.garcia.mindera-TestUITests";
				PRODUCT_NAME = "$(TARGET_NAME)";
				SWIFT_VERSION = 4.2;
				TARGETED_DEVICE_FAMILY = "1,2";
				TEST_TARGET_NAME = "mindera Test";
			};
			name = Release;
		};
/* End XCBuildConfiguration section */

/* Begin XCConfigurationList section */
		82DCDFE822236060009D00E9 /* Build configuration list for PBXProject "mindera Test" */ = {
			isa = XCConfigurationList;
			buildConfigurations = (
				82DCE01322236063009D00E9 /* Debug */,
				82DCE01422236063009D00E9 /* Release */,
			);
			defaultConfigurationIsVisible = 0;
			defaultConfigurationName = Release;
		};
		82DCE01522236063009D00E9 /* Build configuration list for PBXNativeTarget "mindera Test" */ = {
			isa = XCConfigurationList;
			buildConfigurations = (
				82DCE01622236063009D00E9 /* Debug */,
				82DCE01722236063009D00E9 /* Release */,
			);
			defaultConfigurationIsVisible = 0;
			defaultConfigurationName = Release;
		};
		82DCE01822236063009D00E9 /* Build configuration list for PBXNativeTarget "mindera TestTests" */ = {
			isa = XCConfigurationList;
			buildConfigurations = (
				82DCE01922236063009D00E9 /* Debug */,
				82DCE01A22236063009D00E9 /* Release */,
			);
			defaultConfigurationIsVisible = 0;
			defaultConfigurationName = Release;
		};
		82DCE01B22236063009D00E9 /* Build configuration list for PBXNativeTarget "mindera TestUITests" */ = {
			isa = XCConfigurationList;
			buildConfigurations = (
				82DCE01C22236063009D00E9 /* Debug */,
				82DCE01D22236063009D00E9 /* Release */,
			);
			defaultConfigurationIsVisible = 0;
			defaultConfigurationName = Release;
		};
/* End XCConfigurationList section */
	};
	rootObject = 82DCDFE522236060009D00E9 /* Project object */;
}
